
Microsoft Visual Studio Solution File, Format Version 12.00
# Visual Studio Version 16
VisualStudioVersion = 16.0.31515.178
MinimumVisualStudioVersion = 10.0.40219.1
Project("{FAE04EC0-301F-11D3-BF4B-00C04F79EFBC}") = "ParksApp.Android", "ParksApp.Android\ParksApp.Android.csproj", "{15860BBD-9BF9-4DEA-A613-CC68AED6B872}"
EndProject
Project("{FAE04EC0-301F-11D3-BF4B-00C04F79EFBC}") = "ParksApp", "ParksApp\ParksApp.csproj", "{D2F8C8C0-AE26-4AF3-A7EA-CC11D1163963}"
EndProject
Global
	GlobalSection(SolutionConfigurationPlatforms) = preSolution
		Debug|Any CPU = Debug|Any CPU
		Release|Any CPU = Release|Any CPU
	EndGlobalSection
	GlobalSection(ProjectConfigurationPlatforms) = postSolution
		{15860BBD-9BF9-4DEA-A613-CC68AED6B872}.Debug|Any CPU.ActiveCfg = Debug|Any CPU
		{15860BBD-9BF9-4DEA-A613-CC68AED6B872}.Debug|Any CPU.Build.0 = Debug|Any CPU
		{15860BBD-9BF9-4DEA-A613-CC68AED6B872}.Debug|Any CPU.Deploy.0 = Debug|Any CPU
		{15860BBD-9BF9-4DEA-A613-CC68AED6B872}.Release|Any CPU.ActiveCfg = Release|Any CPU
		{15860BBD-9BF9-4DEA-A613-CC68AED6B872}.Release|Any CPU.Build.0 = Release|Any CPU
		{15860BBD-9BF9-4DEA-A613-CC68AED6B872}.Release|Any CPU.Deploy.0 = Release|Any CPU
		{D2F8C8C0-AE26-4AF3-A7EA-CC11D1163963}.Debug|Any CPU.ActiveCfg = Debug|Any CPU
		{D2F8C8C0-AE26-4AF3-A7EA-CC11D1163963}.Debug|Any CPU.Build.0 = Debug|Any CPU
		{D2F8C8C0-AE26-4AF3-A7EA-CC11D1163963}.Debug|Any CPU.Deploy.0 = Debug|Any CPU
		{D2F8C8C0-AE26-4AF3-A7EA-CC11D1163963}.Release|Any CPU.ActiveCfg = Release|Any CPU
		{D2F8C8C0-AE26-4AF3-A7EA-CC11D1163963}.Release|Any CPU.Build.0 = Release|Any CPU
		{D2F8C8C0-AE26-4AF3-A7EA-CC11D1163963}.Release|Any CPU.Deploy.0 = Release|Any CPU
	EndGlobalSection
	GlobalSection(SolutionProperties) = preSolution
		HideSolutionNode = FALSE
	EndGlobalSection
	GlobalSection(ExtensibilityGlobals) = postSolution
		SolutionGuid = {B28785F4-C104-4BA1-BF74-997A4D62CD4A}
	EndGlobalSection
EndGlobal
